
Microsoft Visual Studio Solution File, Format Version 12.00
# Visual Studio 15
Project("{FAE04EC0-301F-11D3-BF4B-00C04F79EFBC}") = "asp_projekt", "asp_projekt.csproj", "{0FD2A352-390B-4E71-BD6D-9D8D2505AADE}"
EndProject
Global
	GlobalSection(SolutionConfigurationPlatforms) = preSolution
		Debug|Any CPU = Debug|Any CPU
		Release|Any CPU = Release|Any CPU
	EndGlobalSection
	GlobalSection(ProjectConfigurationPlatforms) = postSolution
		{0FD2A352-390B-4E71-BD6D-9D8D2505AADE}.Debug|Any CPU.ActiveCfg = Debug|Any CPU
		{0FD2A352-390B-4E71-BD6D-9D8D2505AADE}.Debug|Any CPU.Build.0 = Debug|Any CPU
		{0FD2A352-390B-4E71-BD6D-9D8D2505AADE}.Release|Any CPU.ActiveCfg = Release|Any CPU
		{0FD2A352-390B-4E71-BD6D-9D8D2505AADE}.Release|Any CPU.Build.0 = Release|Any CPU
	EndGlobalSection
EndGlobal
